
Microsoft Visual Studio Solution File, Format Version 12.00
# Visual Studio Version 17
VisualStudioVersion = 17.6.33815.320
MinimumVisualStudioVersion = 10.0.40219.1
Project("{FAE04EC0-301F-11D3-BF4B-00C04F79EFBC}") = "WebAppMVC_Assignment_12", "WebAppMVC_Assignment_12.csproj", "{C2CBA0DE-FCC2-4DBA-918E-BBBD1AD60724}"
EndProject
Global
	GlobalSection(SolutionConfigurationPlatforms) = preSolution
		Debug|Any CPU = Debug|Any CPU
		Release|Any CPU = Release|Any CPU
	EndGlobalSection
	GlobalSection(ProjectConfigurationPlatforms) = postSolution
		{C2CBA0DE-FCC2-4DBA-918E-BBBD1AD60724}.Debug|Any CPU.ActiveCfg = Debug|Any CPU
		{C2CBA0DE-FCC2-4DBA-918E-BBBD1AD60724}.Debug|Any CPU.Build.0 = Debug|Any CPU
		{C2CBA0DE-FCC2-4DBA-918E-BBBD1AD60724}.Release|Any CPU.ActiveCfg = Release|Any CPU
		{C2CBA0DE-FCC2-4DBA-918E-BBBD1AD60724}.Release|Any CPU.Build.0 = Release|Any CPU
	EndGlobalSection
	GlobalSection(SolutionProperties) = preSolution
		HideSolutionNode = FALSE
	EndGlobalSection
	GlobalSection(ExtensibilityGlobals) = postSolution
		SolutionGuid = {33C85485-2C1C-4B98-A015-54AB48E6CD25}
	EndGlobalSection
EndGlobal
